
Microsoft Visual Studio Solution File, Format Version 12.00
# Visual Studio Version 16
VisualStudioVersion = 16.0.28803.452
MinimumVisualStudioVersion = 10.0.40219.1
Project("{8BC9CEB8-8B4A-11D0-8D11-00A0C91BC942}") = "IPTeamProject1", "IPTeamProject1\IPTeamProject1.vcxproj", "{7AF5F794-4E18-4C25-945A-9BA1D525FDFA}"
EndProject
Global
	GlobalSection(SolutionConfigurationPlatforms) = preSolution
		Debug|x64 = Debug|x64
		Debug|x86 = Debug|x86
		Release|x64 = Release|x64
		Release|x86 = Release|x86
	EndGlobalSection
	GlobalSection(ProjectConfigurationPlatforms) = postSolution
		{7AF5F794-4E18-4C25-945A-9BA1D525FDFA}.Debug|x64.ActiveCfg = Debug|x64
		{7AF5F794-4E18-4C25-945A-9BA1D525FDFA}.Debug|x64.Build.0 = Debug|x64
		{7AF5F794-4E18-4C25-945A-9BA1D525FDFA}.Debug|x86.ActiveCfg = Debug|Win32
		{7AF5F794-4E18-4C25-945A-9BA1D525FDFA}.Debug|x86.Build.0 = Debug|Win32
		{7AF5F794-4E18-4C25-945A-9BA1D525FDFA}.Release|x64.ActiveCfg = Release|x64
		{7AF5F794-4E18-4C25-945A-9BA1D525FDFA}.Release|x64.Build.0 = Release|x64
		{7AF5F794-4E18-4C25-945A-9BA1D525FDFA}.Release|x86.ActiveCfg = Release|Win32
		{7AF5F794-4E18-4C25-945A-9BA1D525FDFA}.Release|x86.Build.0 = Release|Win32
	EndGlobalSection
	GlobalSection(SolutionProperties) = preSolution
		HideSolutionNode = FALSE
	EndGlobalSection
	GlobalSection(ExtensibilityGlobals) = postSolution
		SolutionGuid = {4E46D0B8-35AA-4089-9C1B-FF2196E7CD40}
	EndGlobalSection
EndGlobal
